
Microsoft Visual Studio Solution File, Format Version 12.00
# Visual Studio Version 17
VisualStudioVersion = 17.6.33829.357
MinimumVisualStudioVersion = 10.0.40219.1
Project("{FAE04EC0-301F-11D3-BF4B-00C04F79EFBC}") = "LeaveManagement.Web", "LeaveManagement.Web\LeaveManagement.Web.csproj", "{A51B1967-9684-44FA-9A22-037CC882C254}"
EndProject
Global
	GlobalSection(SolutionConfigurationPlatforms) = preSolution
		Debug|Any CPU = Debug|Any CPU
		Release|Any CPU = Release|Any CPU
	EndGlobalSection
	GlobalSection(ProjectConfigurationPlatforms) = postSolution
		{A51B1967-9684-44FA-9A22-037CC882C254}.Debug|Any CPU.ActiveCfg = Debug|Any CPU
		{A51B1967-9684-44FA-9A22-037CC882C254}.Debug|Any CPU.Build.0 = Debug|Any CPU
		{A51B1967-9684-44FA-9A22-037CC882C254}.Release|Any CPU.ActiveCfg = Release|Any CPU
		{A51B1967-9684-44FA-9A22-037CC882C254}.Release|Any CPU.Build.0 = Release|Any CPU
	EndGlobalSection
	GlobalSection(SolutionProperties) = preSolution
		HideSolutionNode = FALSE
	EndGlobalSection
	GlobalSection(ExtensibilityGlobals) = postSolution
		SolutionGuid = {63B73BAE-4FE2-474C-B64A-9FC67C7C563A}
	EndGlobalSection
EndGlobal
